
Microsoft Visual Studio Solution File, Format Version 12.00
# Visual Studio Version 16
VisualStudioVersion = 16.0.31515.178
MinimumVisualStudioVersion = 10.0.40219.1
Project("{FAE04EC0-301F-11D3-BF4B-00C04F79EFBC}") = "restApi", "restApi\restApi.csproj", "{4FF0E5F0-E548-4C19-A1AE-87BD2FF2401E}"
EndProject
Global
	GlobalSection(SolutionConfigurationPlatforms) = preSolution
		Debug|Any CPU = Debug|Any CPU
		Release|Any CPU = Release|Any CPU
	EndGlobalSection
	GlobalSection(ProjectConfigurationPlatforms) = postSolution
		{4FF0E5F0-E548-4C19-A1AE-87BD2FF2401E}.Debug|Any CPU.ActiveCfg = Debug|Any CPU
		{4FF0E5F0-E548-4C19-A1AE-87BD2FF2401E}.Debug|Any CPU.Build.0 = Debug|Any CPU
		{4FF0E5F0-E548-4C19-A1AE-87BD2FF2401E}.Release|Any CPU.ActiveCfg = Release|Any CPU
		{4FF0E5F0-E548-4C19-A1AE-87BD2FF2401E}.Release|Any CPU.Build.0 = Release|Any CPU
	EndGlobalSection
	GlobalSection(SolutionProperties) = preSolution
		HideSolutionNode = FALSE
	EndGlobalSection
	GlobalSection(ExtensibilityGlobals) = postSolution
		SolutionGuid = {EB86DF8E-44B8-4B09-981D-5AABB0AD1B96}
	EndGlobalSection
EndGlobal
